// !$*UTF8*$!
{
	archiveVersion = 1;
	classes = {
	};
	objectVersion = 56;
	objects = {

/* Begin PBXBuildFile section */
		263BED422A6F5A730037E4C5 /* FSCalendar in Frameworks */ = {isa = PBXBuildFile; productRef = 263BED412A6F5A730037E4C5 /* FSCalendar */; };
		263BED452A6F5AC10037E4C5 /* TextFieldEffects in Frameworks */ = {isa = PBXBuildFile; productRef = 263BED442A6F5AC10037E4C5 /* TextFieldEffects */; };
		263BED482A6F5AE90037E4C5 /* IQKeyboardManagerSwift in Frameworks */ = {isa = PBXBuildFile; productRef = 263BED472A6F5AE90037E4C5 /* IQKeyboardManagerSwift */; };
		263BED4B2A6F5B040037E4C5 /* Kingfisher in Frameworks */ = {isa = PBXBuildFile; productRef = 263BED4A2A6F5B040037E4C5 /* Kingfisher */; };
		263BED4D2A6F6E040037E4C5 /* churros.png in Resources */ = {isa = PBXBuildFile; fileRef = 263BED4C2A6F6E040037E4C5 /* churros.png */; };
		263BED4F2A6F93630037E4C5 /* ImageSelectedEnum.swift in Sources */ = {isa = PBXBuildFile; fileRef = 263BED4E2A6F93630037E4C5 /* ImageSelectedEnum.swift */; };
		26E7217D2A6E110A0015696A /* AppDelegate.swift in Sources */ = {isa = PBXBuildFile; fileRef = 26E7217C2A6E110A0015696A /* AppDelegate.swift */; };
		26E7217F2A6E110A0015696A /* SceneDelegate.swift in Sources */ = {isa = PBXBuildFile; fileRef = 26E7217E2A6E110A0015696A /* SceneDelegate.swift */; };
		26E721812A6E110A0015696A /* ViewController.swift in Sources */ = {isa = PBXBuildFile; fileRef = 26E721802A6E110A0015696A /* ViewController.swift */; };
		26E721842A6E110A0015696A /* Main.storyboard in Resources */ = {isa = PBXBuildFile; fileRef = 26E721822A6E110A0015696A /* Main.storyboard */; };
		26E721862A6E110C0015696A /* Assets.xcassets in Resources */ = {isa = PBXBuildFile; fileRef = 26E721852A6E110C0015696A /* Assets.xcassets */; };
		26E721892A6E110C0015696A /* LaunchScreen.storyboard in Resources */ = {isa = PBXBuildFile; fileRef = 26E721872A6E110C0015696A /* LaunchScreen.storyboard */; };
		26E721912A6E3E570015696A /* TransitionViewController.swift in Sources */ = {isa = PBXBuildFile; fileRef = 26E721902A6E3E570015696A /* TransitionViewController.swift */; };
/* End PBXBuildFile section */

/* Begin PBXFileReference section */
		263BED4C2A6F6E040037E4C5 /* churros.png */ = {isa = PBXFileReference; lastKnownFileType = image.png; path = churros.png; sourceTree = "<group>"; };
		263BED4E2A6F93630037E4C5 /* ImageSelectedEnum.swift */ = {isa = PBXFileReference; lastKnownFileType = sourcecode.swift; path = ImageSelectedEnum.swift; sourceTree = "<group>"; };
		26E721792A6E110A0015696A /* seSac3Week2.app */ = {isa = PBXFileReference; explicitFileType = wrapper.application; includeInIndex = 0; path = seSac3Week2.app; sourceTree = BUILT_PRODUCTS_DIR; };
		26E7217C2A6E110A0015696A /* AppDelegate.swift */ = {isa = PBXFileReference; lastKnownFileType = sourcecode.swift; path = AppDelegate.swift; sourceTree = "<group>"; };
		26E7217E2A6E110A0015696A /* SceneDelegate.swift */ = {isa = PBXFileReference; lastKnownFileType = sourcecode.swift; path = SceneDelegate.swift; sourceTree = "<group>"; };
		26E721802A6E110A0015696A /* ViewController.swift */ = {isa = PBXFileReference; lastKnownFileType = sourcecode.swift; path = ViewController.swift; sourceTree = "<group>"; };
		26E721832A6E110A0015696A /* Base */ = {isa = PBXFileReference; lastKnownFileType = file.storyboard; name = Base; path = Base.lproj/Main.storyboard; sourceTree = "<group>"; };
		26E721852A6E110C0015696A /* Assets.xcassets */ = {isa = PBXFileReference; lastKnownFileType = folder.assetcatalog; path = Assets.xcassets; sourceTree = "<group>"; };
		26E721882A6E110C0015696A /* Base */ = {isa = PBXFileReference; lastKnownFileType = file.storyboard; name = Base; path = Base.lproj/LaunchScreen.storyboard; sourceTree = "<group>"; };
		26E7218A2A6E110C0015696A /* Info.plist */ = {isa = PBXFileReference; lastKnownFileType = text.plist.xml; path = Info.plist; sourceTree = "<group>"; };
		26E721902A6E3E570015696A /* TransitionViewController.swift */ = {isa = PBXFileReference; lastKnownFileType = sourcecode.swift; name = TransitionViewController.swift; path = seSac3Week2/TransitionViewController.swift; sourceTree = SOURCE_ROOT; };
/* End PBXFileReference section */

/* Begin PBXFrameworksBuildPhase section */
		26E721762A6E110A0015696A /* Frameworks */ = {
			isa = PBXFrameworksBuildPhase;
			buildActionMask = 2147483647;
			files = (
				263BED4B2A6F5B040037E4C5 /* Kingfisher in Frameworks */,
				263BED422A6F5A730037E4C5 /* FSCalendar in Frameworks */,
				263BED452A6F5AC10037E4C5 /* TextFieldEffects in Frameworks */,
				263BED482A6F5AE90037E4C5 /* IQKeyboardManagerSwift in Frameworks */,
			);
			runOnlyForDeploymentPostprocessing = 0;
		};
/* End PBXFrameworksBuildPhase section */

/* Begin PBXGroup section */
		26E721702A6E110A0015696A = {
			isa = PBXGroup;
			children = (
				26E7217B2A6E110A0015696A /* seSac3Week2 */,
				26E7217A2A6E110A0015696A /* Products */,
			);
			sourceTree = "<group>";
		};
		26E7217A2A6E110A0015696A /* Products */ = {
			isa = PBXGroup;
			children = (
				26E721792A6E110A0015696A /* seSac3Week2.app */,
			);
			name = Products;
			sourceTree = "<group>";
		};
		26E7217B2A6E110A0015696A /* seSac3Week2 */ = {
			isa = PBXGroup;
			children = (
				26E7217C2A6E110A0015696A /* AppDelegate.swift */,
				26E7217E2A6E110A0015696A /* SceneDelegate.swift */,
				26E721802A6E110A0015696A /* ViewController.swift */,
				26E721902A6E3E570015696A /* TransitionViewController.swift */,
				263BED4E2A6F93630037E4C5 /* ImageSelectedEnum.swift */,
				26E721822A6E110A0015696A /* Main.storyboard */,
				263BED4C2A6F6E040037E4C5 /* churros.png */,
				26E721852A6E110C0015696A /* Assets.xcassets */,
				26E721872A6E110C0015696A /* LaunchScreen.storyboard */,
				26E7218A2A6E110C0015696A /* Info.plist */,
			);
			path = seSac3Week2;
			sourceTree = "<group>";
		};
/* End PBXGroup section */

/* Begin PBXNativeTarget section */
		26E721782A6E110A0015696A /* seSac3Week2 */ = {
			isa = PBXNativeTarget;
			buildConfigurationList = 26E7218D2A6E110D0015696A /* Build configuration list for PBXNativeTarget "seSac3Week2" */;
			buildPhases = (
				26E721752A6E110A0015696A /* Sources */,
				26E721762A6E110A0015696A /* Frameworks */,
				26E721772A6E110A0015696A /* Resources */,
			);
			buildRules = (
			);
			dependencies = (
			);
			name = seSac3Week2;
			packageProductDependencies = (
				263BED412A6F5A730037E4C5 /* FSCalendar */,
				263BED442A6F5AC10037E4C5 /* TextFieldEffects */,
				263BED472A6F5AE90037E4C5 /* IQKeyboardManagerSwift */,
				263BED4A2A6F5B040037E4C5 /* Kingfisher */,
			);
			productName = seSac3Week2;
			productReference = 26E721792A6E110A0015696A /* seSac3Week2.app */;
			productType = "com.apple.product-type.application";
		};
/* End PBXNativeTarget section */

/* Begin PBXProject section */
		26E721712A6E110A0015696A /* Project object */ = {
			isa = PBXProject;
			attributes = {
				BuildIndependentTargetsInParallel = 1;
				LastSwiftUpdateCheck = 1430;
				LastUpgradeCheck = 1430;
				TargetAttributes = {
					26E721782A6E110A0015696A = {
						CreatedOnToolsVersion = 14.3.1;
					};
				};
			};
			buildConfigurationList = 26E721742A6E110A0015696A /* Build configuration list for PBXProject "seSac3Week2" */;
			compatibilityVersion = "Xcode 14.0";
			developmentRegion = en;
			hasScannedForEncodings = 0;
			knownRegions = (
				en,
				Base,
			);
			mainGroup = 26E721702A6E110A0015696A;
			packageReferences = (
				263BED402A6F5A730037E4C5 /* XCRemoteSwiftPackageReference "FSCalendar" */,
				263BED432A6F5AC10037E4C5 /* XCRemoteSwiftPackageReference "TextFieldEffects" */,
				263BED462A6F5AE90037E4C5 /* XCRemoteSwiftPackageReference "IQKeyboardManager" */,
				263BED492A6F5B040037E4C5 /* XCRemoteSwiftPackageReference "Kingfisher" */,
			);
			productRefGroup = 26E7217A2A6E110A0015696A /* Products */;
			projectDirPath = "";
			projectRoot = "";
			targets = (
				26E721782A6E110A0015696A /* seSac3Week2 */,
			);
		};
/* End PBXProject section */

/* Begin PBXResourcesBuildPhase section */
		26E721772A6E110A0015696A /* Resources */ = {
			isa = PBXResourcesBuildPhase;
			buildActionMask = 2147483647;
			files = (
				263BED4D2A6F6E040037E4C5 /* churros.png in Resources */,
				26E721892A6E110C0015696A /* LaunchScreen.storyboard in Resources */,
				26E721862A6E110C0015696A /* Assets.xcassets in Resources */,
				26E721842A6E110A0015696A /* Main.storyboard in Resources */,
			);
			runOnlyForDeploymentPostprocessing = 0;
		};
/* End PBXResourcesBuildPhase section */

/* Begin PBXSourcesBuildPhase section */
		26E721752A6E110A0015696A /* Sources */ = {
			isa = PBXSourcesBuildPhase;
			buildActionMask = 2147483647;
			files = (
				26E721812A6E110A0015696A /* ViewController.swift in Sources */,
				263BED4F2A6F93630037E4C5 /* ImageSelectedEnum.swift in Sources */,
				26E7217D2A6E110A0015696A /* AppDelegate.swift in Sources */,
				26E7217F2A6E110A0015696A /* SceneDelegate.swift in Sources */,
				26E721912A6E3E570015696A /* TransitionViewController.swift in Sources */,
			);
			runOnlyForDeploymentPostprocessing = 0;
		};
/* End PBXSourcesBuildPhase section */

/* Begin PBXVariantGroup section */
		26E721822A6E110A0015696A /* Main.storyboard */ = {
			isa = PBXVariantGroup;
			children = (
				26E721832A6E110A0015696A /* Base */,
			);
			name = Main.storyboard;
			sourceTree = "<group>";
		};
		26E721872A6E110C0015696A /* LaunchScreen.storyboard */ = {
			isa = PBXVariantGroup;
			children = (
				26E721882A6E110C0015696A /* Base */,
			);
			name = LaunchScreen.storyboard;
			sourceTree = "<group>";
		};
/* End PBXVariantGroup section */

/* Begin XCBuildConfiguration section */
		26E7218B2A6E110C0015696A /* Debug */ = {
			isa = XCBuildConfiguration;
			buildSettings = {
				ALWAYS_SEARCH_USER_PATHS = NO;
				CLANG_ANALYZER_NONNULL = YES;
				CLANG_ANALYZER_NUMBER_OBJECT_CONVERSION = YES_AGGRESSIVE;
				CLANG_CXX_LANGUAGE_STANDARD = "gnu++20";
				CLANG_ENABLE_MODULES = YES;
				CLANG_ENABLE_OBJC_ARC = YES;
				CLANG_ENABLE_OBJC_WEAK = YES;
				CLANG_WARN_BLOCK_CAPTURE_AUTORELEASING = YES;
				CLANG_WARN_BOOL_CONVERSION = YES;
				CLANG_WARN_COMMA = YES;
				CLANG_WARN_CONSTANT_CONVERSION = YES;
				CLANG_WARN_DEPRECATED_OBJC_IMPLEMENTATIONS = YES;
				CLANG_WARN_DIRECT_OBJC_ISA_USAGE = YES_ERROR;
				CLANG_WARN_DOCUMENTATION_COMMENTS = YES;
				CLANG_WARN_EMPTY_BODY = YES;
				CLANG_WARN_ENUM_CONVERSION = YES;
				CLANG_WARN_INFINITE_RECURSION = YES;
				CLANG_WARN_INT_CONVERSION = YES;
				CLANG_WARN_NON_LITERAL_NULL_CONVERSION = YES;
				CLANG_WARN_OBJC_IMPLICIT_RETAIN_SELF = YES;
				CLANG_WARN_OBJC_LITERAL_CONVERSION = YES;
				CLANG_WARN_OBJC_ROOT_CLASS = YES_ERROR;
				CLANG_WARN_QUOTED_INCLUDE_IN_FRAMEWORK_HEADER = YES;
				CLANG_WARN_RANGE_LOOP_ANALYSIS = YES;
				CLANG_WARN_STRICT_PROTOTYPES = YES;
				CLANG_WARN_SUSPICIOUS_MOVE = YES;
				CLANG_WARN_UNGUARDED_AVAILABILITY = YES_AGGRESSIVE;
				CLANG_WARN_UNREACHABLE_CODE = YES;
				CLANG_WARN__DUPLICATE_METHOD_MATCH = YES;
				COPY_PHASE_STRIP = NO;
				DEBUG_INFORMATION_FORMAT = dwarf;
				ENABLE_STRICT_OBJC_MSGSEND = YES;
				ENABLE_TESTABILITY = YES;
				GCC_C_LANGUAGE_STANDARD = gnu11;
				GCC_DYNAMIC_NO_PIC = NO;
				GCC_NO_COMMON_BLOCKS = YES;
				GCC_OPTIMIZATION_LEVEL = 0;
				GCC_PREPROCESSOR_DEFINITIONS = (
					"DEBUG=1",
					"$(inherited)",
				);
				GCC_WARN_64_TO_32_BIT_CONVERSION = YES;
				GCC_WARN_ABOUT_RETURN_TYPE = YES_ERROR;
				GCC_WARN_UNDECLARED_SELECTOR = YES;
				GCC_WARN_UNINITIALIZED_AUTOS = YES_AGGRESSIVE;
				GCC_WARN_UNUSED_FUNCTION = YES;
				GCC_WARN_UNUSED_VARIABLE = YES;
				IPHONEOS_DEPLOYMENT_TARGET = 16.4;
				MTL_ENABLE_DEBUG_INFO = INCLUDE_SOURCE;
				MTL_FAST_MATH = YES;
				ONLY_ACTIVE_ARCH = YES;
				SDKROOT = iphoneos;
				SWIFT_ACTIVE_COMPILATION_CONDITIONS = DEBUG;
				SWIFT_OPTIMIZATION_LEVEL = "-Onone";
			};
			name = Debug;
		};
		26E7218C2A6E110D0015696A /* Release */ = {
			isa = XCBuildConfiguration;
			buildSettings = {
				ALWAYS_SEARCH_USER_PATHS = NO;
				CLANG_ANALYZER_NONNULL = YES;
				CLANG_ANALYZER_NUMBER_OBJECT_CONVERSION = YES_AGGRESSIVE;
				CLANG_CXX_LANGUAGE_STANDARD = "gnu++20";
				CLANG_ENABLE_MODULES = YES;
				CLANG_ENABLE_OBJC_ARC = YES;
				CLANG_ENABLE_OBJC_WEAK = YES;
				CLANG_WARN_BLOCK_CAPTURE_AUTORELEASING = YES;
				CLANG_WARN_BOOL_CONVERSION = YES;
				CLANG_WARN_COMMA = YES;
				CLANG_WARN_CONSTANT_CONVERSION = YES;
				CLANG_WARN_DEPRECATED_OBJC_IMPLEMENTATIONS = YES;
				CLANG_WARN_DIRECT_OBJC_ISA_USAGE = YES_ERROR;
				CLANG_WARN_DOCUMENTATION_COMMENTS = YES;
				CLANG_WARN_EMPTY_BODY = YES;
				CLANG_WARN_ENUM_CONVERSION = YES;
				CLANG_WARN_INFINITE_RECURSION = YES;
				CLANG_WARN_INT_CONVERSION = YES;
				CLANG_WARN_NON_LITERAL_NULL_CONVERSION = YES;
				CLANG_WARN_OBJC_IMPLICIT_RETAIN_SELF = YES;
				CLANG_WARN_OBJC_LITERAL_CONVERSION = YES;
				CLANG_WARN_OBJC_ROOT_CLASS = YES_ERROR;
				CLANG_WARN_QUOTED_INCLUDE_IN_FRAMEWORK_HEADER = YES;
				CLANG_WARN_RANGE_LOOP_ANALYSIS = YES;
				CLANG_WARN_STRICT_PROTOTYPES = YES;
				CLANG_WARN_SUSPICIOUS_MOVE = YES;
				CLANG_WARN_UNGUARDED_AVAILABILITY = YES_AGGRESSIVE;
				CLANG_WARN_UNREACHABLE_CODE = YES;
				CLANG_WARN__DUPLICATE_METHOD_MATCH = YES;
				COPY_PHASE_STRIP = NO;
				DEBUG_INFORMATION_FORMAT = "dwarf-with-dsym";
				ENABLE_NS_ASSERTIONS = NO;
				ENABLE_STRICT_OBJC_MSGSEND = YES;
				GCC_C_LANGUAGE_STANDARD = gnu11;
				GCC_NO_COMMON_BLOCKS = YES;
				GCC_WARN_64_TO_32_BIT_CONVERSION = YES;
				GCC_WARN_ABOUT_RETURN_TYPE = YES_ERROR;
				GCC_WARN_UNDECLARED_SELECTOR = YES;
				GCC_WARN_UNINITIALIZED_AUTOS = YES_AGGRESSIVE;
				GCC_WARN_UNUSED_FUNCTION = YES;
				GCC_WARN_UNUSED_VARIABLE = YES;
				IPHONEOS_DEPLOYMENT_TARGET = 16.4;
				MTL_ENABLE_DEBUG_INFO = NO;
				MTL_FAST_MATH = YES;
				SDKROOT = iphoneos;
				SWIFT_COMPILATION_MODE = wholemodule;
				SWIFT_OPTIMIZATION_LEVEL = "-O";
				VALIDATE_PRODUCT = YES;
			};
			name = Release;
		};
		26E7218E2A6E110D0015696A /* Debug */ = {
			isa = XCBuildConfiguration;
			buildSettings = {
				ASSETCATALOG_COMPILER_APPICON_NAME = AppIcon;
				ASSETCATALOG_COMPILER_GLOBAL_ACCENT_COLOR_NAME = AccentColor;
				CODE_SIGN_STYLE = Automatic;
				CURRENT_PROJECT_VERSION = 1;
				GENERATE_INFOPLIST_FILE = YES;
				INFOPLIST_FILE = seSac3Week2/Info.plist;
				INFOPLIST_KEY_UIApplicationSupportsIndirectInputEvents = YES;
				INFOPLIST_KEY_UILaunchStoryboardName = LaunchScreen;
				INFOPLIST_KEY_UIMainStoryboardFile = Main;
				INFOPLIST_KEY_UISupportedInterfaceOrientations_iPad = "UIInterfaceOrientationPortrait UIInterfaceOrientationPortraitUpsideDown UIInterfaceOrientationLandscapeLeft UIInterfaceOrientationLandscapeRight";
				INFOPLIST_KEY_UISupportedInterfaceOrientations_iPhone = "UIInterfaceOrientationPortrait UIInterfaceOrientationLandscapeLeft UIInterfaceOrientationLandscapeRight";
				LD_RUNPATH_SEARCH_PATHS = (
					"$(inherited)",
					"@executable_path/Frameworks",
				);
				MARKETING_VERSION = 1.0;
				PRODUCT_BUNDLE_IDENTIFIER = com.present.seSac3Week2;
				PRODUCT_NAME = "$(TARGET_NAME)";
				SWIFT_EMIT_LOC_STRINGS = YES;
				SWIFT_VERSION = 5.0;
				TARGETED_DEVICE_FAMILY = "1,2";
			};
			name = Debug;
		};
		26E7218F2A6E110D0015696A /* Release */ = {
			isa = XCBuildConfiguration;
			buildSettings = {
				ASSETCATALOG_COMPILER_APPICON_NAME = AppIcon;
				ASSETCATALOG_COMPILER_GLOBAL_ACCENT_COLOR_NAME = AccentColor;
				CODE_SIGN_STYLE = Automatic;
				CURRENT_PROJECT_VERSION = 1;
				GENERATE_INFOPLIST_FILE = YES;
				INFOPLIST_FILE = seSac3Week2/Info.plist;
				INFOPLIST_KEY_UIApplicationSupportsIndirectInputEvents = YES;
				INFOPLIST_KEY_UILaunchStoryboardName = LaunchScreen;
				INFOPLIST_KEY_UIMainStoryboardFile = Main;
				INFOPLIST_KEY_UISupportedInterfaceOrientations_iPad = "UIInterfaceOrientationPortrait UIInterfaceOrientationPortraitUpsideDown UIInterfaceOrientationLandscapeLeft UIInterfaceOrientationLandscapeRight";
				INFOPLIST_KEY_UISupportedInterfaceOrientations_iPhone = "UIInterfaceOrientationPortrait UIInterfaceOrientationLandscapeLeft UIInterfaceOrientationLandscapeRight";
				LD_RUNPATH_SEARCH_PATHS = (
					"$(inherited)",
					"@executable_path/Frameworks",
				);
				MARKETING_VERSION = 1.0;
				PRODUCT_BUNDLE_IDENTIFIER = com.present.seSac3Week2;
				PRODUCT_NAME = "$(TARGET_NAME)";
				SWIFT_EMIT_LOC_STRINGS = YES;
				SWIFT_VERSION = 5.0;
				TARGETED_DEVICE_FAMILY = "1,2";
			};
			name = Release;
		};
/* End XCBuildConfiguration section */

/* Begin XCConfigurationList section */
		26E721742A6E110A0015696A /* Build configuration list for PBXProject "seSac3Week2" */ = {
			isa = XCConfigurationList;
			buildConfigurations = (
				26E7218B2A6E110C0015696A /* Debug */,
				26E7218C2A6E110D0015696A /* Release */,
			);
			defaultConfigurationIsVisible = 0;
			defaultConfigurationName = Release;
		};
		26E7218D2A6E110D0015696A /* Build configuration list for PBXNativeTarget "seSac3Week2" */ = {
			isa = XCConfigurationList;
			buildConfigurations = (
				26E7218E2A6E110D0015696A /* Debug */,
				26E7218F2A6E110D0015696A /* Release */,
			);
			defaultConfigurationIsVisible = 0;
			defaultConfigurationName = Release;
		};
/* End XCConfigurationList section */

/* Begin XCRemoteSwiftPackageReference section */
		263BED402A6F5A730037E4C5 /* XCRemoteSwiftPackageReference "FSCalendar" */ = {
			isa = XCRemoteSwiftPackageReference;
			repositoryURL = "https://github.com/WenchaoD/FSCalendar.git";
			requirement = {
				kind = upToNextMajorVersion;
				minimumVersion = 2.0.0;
			};
		};
		263BED432A6F5AC10037E4C5 /* XCRemoteSwiftPackageReference "TextFieldEffects" */ = {
			isa = XCRemoteSwiftPackageReference;
			repositoryURL = "https://github.com/raulriera/TextFieldEffects.git";
			requirement = {
				kind = upToNextMajorVersion;
				minimumVersion = 1.0.0;
			};
		};
		263BED462A6F5AE90037E4C5 /* XCRemoteSwiftPackageReference "IQKeyboardManager" */ = {
			isa = XCRemoteSwiftPackageReference;
			repositoryURL = "https://github.com/hackiftekhar/IQKeyboardManager.git";
			requirement = {
				kind = upToNextMajorVersion;
				minimumVersion = 6.0.0;
			};
		};
		263BED492A6F5B040037E4C5 /* XCRemoteSwiftPackageReference "Kingfisher" */ = {
			isa = XCRemoteSwiftPackageReference;
			repositoryURL = "https://github.com/onevcat/Kingfisher.git";
			requirement = {
				kind = upToNextMajorVersion;
				minimumVersion = 7.0.0;
			};
		};
/* End XCRemoteSwiftPackageReference section */

/* Begin XCSwiftPackageProductDependency section */
		263BED412A6F5A730037E4C5 /* FSCalendar */ = {
			isa = XCSwiftPackageProductDependency;
			package = 263BED402A6F5A730037E4C5 /* XCRemoteSwiftPackageReference "FSCalendar" */;
			productName = FSCalendar;
		};
		263BED442A6F5AC10037E4C5 /* TextFieldEffects */ = {
			isa = XCSwiftPackageProductDependency;
			package = 263BED432A6F5AC10037E4C5 /* XCRemoteSwiftPackageReference "TextFieldEffects" */;
			productName = TextFieldEffects;
		};
		263BED472A6F5AE90037E4C5 /* IQKeyboardManagerSwift */ = {
			isa = XCSwiftPackageProductDependency;
			package = 263BED462A6F5AE90037E4C5 /* XCRemoteSwiftPackageReference "IQKeyboardManager" */;
			productName = IQKeyboardManagerSwift;
		};
		263BED4A2A6F5B040037E4C5 /* Kingfisher */ = {
			isa = XCSwiftPackageProductDependency;
			package = 263BED492A6F5B040037E4C5 /* XCRemoteSwiftPackageReference "Kingfisher" */;
			productName = Kingfisher;
		};
/* End XCSwiftPackageProductDependency section */
	};
	rootObject = 26E721712A6E110A0015696A /* Project object */;
}
